{
  "version": 4,
  "terraform_version": "1.4.6",
  "serial": 74,
  "lineage": "5f59a90c-61ec-12e5-b655-dd599b79296e",
  "outputs": {},
  "resources": [
    {
      "mode": "data",
      "type": "aws_ecs_task_definition",
      "name": "previous",
      "provider": "provider[\"registry.terraform.io/hashicorp/aws\"]",
      "instances": [
        {
          "index_key": 0,
          "schema_version": 0,
          "attributes": {
            "arn": "arn:aws:ecs:eu-west-1:780718310965:task-definition/ftb-client-task-definition:7",
            "family": "ftb-client-task-definition",
            "id": "arn:aws:ecs:eu-west-1:780718310965:task-definition/ftb-client-task-definition:7",
            "network_mode": "awsvpc",
            "revision": 7,
            "status": "ACTIVE",
            "task_definition": "ftb-client-task-definition",
            "task_role_arn": "arn:aws:iam::780718310965:role/ftbClientECSTaskRole"
          },
          "sensitive_attributes": []
        }
      ]
    },
    {
      "mode": "managed",
      "type": "aws_ecr_lifecycle_policy",
      "name": "ecr_lifecycle_policy",
      "provider": "provider[\"registry.terraform.io/hashicorp/aws\"]",
      "instances": [
        {
          "schema_version": 0,
          "attributes": {
            "id": "ftb-client",
            "policy": "{\"rules\":[{\"action\":{\"type\":\"expire\"},\"description\":\"Keep last 5 images\",\"rulePriority\":1,\"selection\":{\"countNumber\":5,\"countType\":\"imageCountMoreThan\",\"tagPrefixList\":[\"ftb\"],\"tagStatus\":\"tagged\"}}]}",
            "registry_id": "780718310965",
            "repository": "ftb-client"
          },
          "sensitive_attributes": [],
          "private": "bnVsbA==",
          "dependencies": [
            "aws_ecr_repository.client_ecr_repository"
          ]
        }
      ]
    },
    {
      "mode": "managed",
      "type": "aws_ecr_repository",
      "name": "client_ecr_repository",
      "provider": "provider[\"registry.terraform.io/hashicorp/aws\"]",
      "instances": [
        {
          "schema_version": 0,
          "attributes": {
            "arn": "arn:aws:ecr:eu-west-1:780718310965:repository/ftb-client",
            "encryption_configuration": [
              {
                "encryption_type": "AES256",
                "kms_key": ""
              }
            ],
            "id": "ftb-client",
            "image_scanning_configuration": [
              {
                "scan_on_push": false
              }
            ],
            "image_tag_mutability": "MUTABLE",
            "name": "ftb-client",
            "registry_id": "780718310965",
            "repository_url": "780718310965.dkr.ecr.eu-west-1.amazonaws.com/ftb-client",
            "tags": null,
            "tags_all": {
              "repository": "fargate-terraform-blog-infra"
            },
            "timeouts": null
          },
          "sensitive_attributes": [],
          "private": "eyJlMmJmYjczMC1lY2FhLTExZTYtOGY4OC0zNDM2M2JjN2M0YzAiOnsiZGVsZXRlIjoxMjAwMDAwMDAwMDAwfX0="
        }
      ]
    },
    {
      "mode": "managed",
      "type": "aws_ecs_cluster",
      "name": "client_cluster",
      "provider": "provider[\"registry.terraform.io/hashicorp/aws\"]",
      "instances": [
        {
          "schema_version": 0,
          "attributes": {
            "arn": "arn:aws:ecs:eu-west-1:780718310965:cluster/ftb-Client-cluster",
            "capacity_providers": [],
            "configuration": [],
            "default_capacity_provider_strategy": [],
            "id": "arn:aws:ecs:eu-west-1:780718310965:cluster/ftb-Client-cluster",
            "name": "ftb-Client-cluster",
            "setting": [
              {
                "name": "containerInsights",
                "value": "disabled"
              }
            ],
            "tags": null,
            "tags_all": {
              "repository": "fargate-terraform-blog-infra"
            }
          },
          "sensitive_attributes": [],
          "private": "bnVsbA=="
        }
      ]
    },
    {
      "mode": "managed",
      "type": "aws_ecs_service",
      "name": "client_ecs_service",
      "provider": "provider[\"registry.terraform.io/hashicorp/aws\"]",
      "instances": [
        {
          "schema_version": 0,
          "attributes": {
            "capacity_provider_strategy": [],
            "cluster": "ftb-Client-cluster",
            "deployment_circuit_breaker": [
              {
                "enable": false,
                "rollback": false
              }
            ],
            "deployment_controller": [
              {
                "type": "ECS"
              }
            ],
            "deployment_maximum_percent": 200,
            "deployment_minimum_healthy_percent": 100,
            "desired_count": 1,
            "enable_ecs_managed_tags": false,
            "enable_execute_command": false,
            "force_new_deployment": null,
            "health_check_grace_period_seconds": 0,
            "iam_role": "aws-service-role",
            "id": "arn:aws:ecs:eu-west-1:780718310965:service/ftb-Client-cluster/ftb-client-service",
            "launch_type": "FARGATE",
            "load_balancer": [
              {
                "container_name": "ftb-client-container",
                "container_port": 80,
                "elb_name": "",
                "target_group_arn": "arn:aws:elasticloadbalancing:eu-west-1:780718310965:targetgroup/ftb-alb-client-tg/0155bdbf19eae4d7"
              }
            ],
            "name": "ftb-client-service",
            "network_configuration": [
              {
                "assign_public_ip": false,
                "security_groups": [
                  "sg-08dc426338afadb3e"
                ],
                "subnets": [
                  "subnet-06707be00ed293248",
                  "subnet-0cc3c929499869a8c"
                ]
              }
            ],
            "ordered_placement_strategy": [],
            "placement_constraints": [],
            "platform_version": "LATEST",
            "propagate_tags": "NONE",
            "scheduling_strategy": "REPLICA",
            "service_registries": [],
            "tags": null,
            "tags_all": {
              "repository": "fargate-terraform-blog-infra"
            },
            "task_definition": "arn:aws:ecs:eu-west-1:780718310965:task-definition/ftb-client-task-definition:7",
            "timeouts": null,
            "wait_for_steady_state": false
          },
          "sensitive_attributes": [],
          "private": "eyJlMmJmYjczMC1lY2FhLTExZTYtOGY4OC0zNDM2M2JjN2M0YzAiOnsiZGVsZXRlIjoxMjAwMDAwMDAwMDAwfX0=",
          "dependencies": [
            "aws_ecr_repository.client_ecr_repository",
            "aws_ecs_cluster.client_cluster",
            "aws_ecs_task_definition.client_task_definition",
            "aws_iam_role.ecs_task_execution_role",
            "aws_iam_role.ecs_task_role",
            "aws_lb_target_group.alb_client_target_group",
            "aws_security_group.ecs_client_service_sg",
            "data.aws_ecs_task_definition.previous"
          ]
        }
      ]
    },
    {
      "mode": "managed",
      "type": "aws_ecs_task_definition",
      "name": "client_task_definition",
      "provider": "provider[\"registry.terraform.io/hashicorp/aws\"]",
      "instances": [
        {
          "schema_version": 1,
          "attributes": {
            "arn": "arn:aws:ecs:eu-west-1:780718310965:task-definition/ftb-client-task-definition:8",
            "container_definitions": "[{\"cpu\":0,\"environment\":[],\"essential\":true,\"image\":\"780718310965.dkr.ecr.eu-west-1.amazonaws.com/ftb-client\",\"mountPoints\":[],\"name\":\"ftb-client-container\",\"portMappings\":[{\"containerPort\":80,\"hostPort\":80,\"protocol\":\"tcp\"}],\"volumesFrom\":[]}]",
            "cpu": "256",
            "ephemeral_storage": [],
            "execution_role_arn": "arn:aws:iam::780718310965:role/ftbClientECSTaskExecutionRole",
            "family": "ftb-client-task-definition",
            "id": "ftb-client-task-definition",
            "inference_accelerator": [],
            "ipc_mode": "",
            "memory": "512",
            "network_mode": "awsvpc",
            "pid_mode": "",
            "placement_constraints": [],
            "proxy_configuration": [],
            "requires_compatibilities": [
              "FARGATE"
            ],
            "revision": 8,
            "runtime_platform": [],
            "skip_destroy": false,
            "tags": null,
            "tags_all": {
              "repository": "fargate-terraform-blog-infra"
            },
            "task_role_arn": "arn:aws:iam::780718310965:role/ftbClientECSTaskRole",
            "volume": []
          },
          "sensitive_attributes": [],
          "private": "eyJzY2hlbWFfdmVyc2lvbiI6IjEifQ==",
          "dependencies": [
            "aws_ecr_repository.client_ecr_repository",
            "aws_iam_role.ecs_task_execution_role",
            "aws_iam_role.ecs_task_role"
          ]
        }
      ]
    },
    {
      "mode": "managed",
      "type": "aws_iam_policy",
      "name": "custom_policy_task_execution_role",
      "provider": "provider[\"registry.terraform.io/hashicorp/aws\"]",
      "instances": [
        {
          "schema_version": 0,
          "attributes": {
            "arn": "arn:aws:iam::780718310965:policy/ftbClientECSTaskExecutionRole-policy",
            "description": "Custom IAM policy for Fargate client task execution role",
            "id": "arn:aws:iam::780718310965:policy/ftbClientECSTaskExecutionRole-policy",
            "name": "ftbClientECSTaskExecutionRole-policy",
            "name_prefix": null,
            "path": "/",
            "policy": "{\"Statement\":[{\"Action\":[\"ecs:RunTask\",\"ecs:StopTask\",\"ecs:DescribeTasks\",\"ssm:GetParameters\",\"ecr:GetAuthorizationToken\",\"ecr:BatchCheckLayerAvailability\",\"ecr:GetDownloadUrlForLayer\",\"ecr:BatchGetImage\"],\"Effect\":\"Allow\",\"Resource\":\"*\"},{\"Action\":[\"logs:CreateLogGroup\",\"logs:CreateLogStream\",\"logs:PutLogEvents\"],\"Effect\":\"Allow\",\"Resource\":\"arn:aws:logs:*:*:*\"}],\"Version\":\"2012-10-17\"}",
            "policy_id": "ANPA3LRTQAY2YT7DHXLVR",
            "tags": null,
            "tags_all": {
              "repository": "fargate-terraform-blog-infra"
            }
          },
          "sensitive_attributes": [],
          "private": "bnVsbA=="
        }
      ]
    },
    {
      "mode": "managed",
      "type": "aws_iam_policy",
      "name": "custom_policy_task_role",
      "provider": "provider[\"registry.terraform.io/hashicorp/aws\"]",
      "instances": [
        {
          "schema_version": 0,
          "attributes": {
            "arn": "arn:aws:iam::780718310965:policy/ftbClientECSTaskRole-policy",
            "description": "Custom IAM policy for Fargate client task role",
            "id": "arn:aws:iam::780718310965:policy/ftbClientECSTaskRole-policy",
            "name": "ftbClientECSTaskRole-policy",
            "name_prefix": null,
            "path": "/",
            "policy": "{\"Statement\":[{\"Action\":[\"ecs:RunTask\",\"ecs:StopTask\",\"ecs:DescribeTasks\",\"ssm:GetParameters\",\"ecr:GetAuthorizationToken\",\"ecr:BatchCheckLayerAvailability\",\"ecr:GetDownloadUrlForLayer\",\"ecr:BatchGetImage\"],\"Effect\":\"Allow\",\"Resource\":\"*\"},{\"Action\":[\"logs:CreateLogGroup\",\"logs:CreateLogStream\",\"logs:PutLogEvents\"],\"Effect\":\"Allow\",\"Resource\":\"arn:aws:logs:*:*:*\"}],\"Version\":\"2012-10-17\"}",
            "policy_id": "ANPA3LRTQAY2U44WSG7ZZ",
            "tags": null,
            "tags_all": {
              "repository": "fargate-terraform-blog-infra"
            }
          },
          "sensitive_attributes": [],
          "private": "bnVsbA=="
        }
      ]
    },
    {
      "mode": "managed",
      "type": "aws_iam_role",
      "name": "ecs_task_execution_role",
      "provider": "provider[\"registry.terraform.io/hashicorp/aws\"]",
      "instances": [
        {
          "schema_version": 0,
          "attributes": {
            "arn": "arn:aws:iam::780718310965:role/ftbClientECSTaskExecutionRole",
            "assume_role_policy": "{\"Version\":\"2012-10-17\",\"Statement\":[{\"Effect\":\"Allow\",\"Principal\":{\"Service\":\"ecs-tasks.amazonaws.com\"},\"Action\":\"sts:AssumeRole\"}]}",
            "create_date": "2023-09-23T14:21:28Z",
            "description": "",
            "force_detach_policies": false,
            "id": "ftbClientECSTaskExecutionRole",
            "inline_policy": [
              {
                "name": "",
                "policy": ""
              }
            ],
            "managed_policy_arns": [],
            "max_session_duration": 3600,
            "name": "ftbClientECSTaskExecutionRole",
            "name_prefix": "",
            "path": "/",
            "permissions_boundary": null,
            "tags": null,
            "tags_all": {
              "repository": "fargate-terraform-blog-infra"
            },
            "unique_id": "AROA3LRTQAY24U6QZNBRU"
          },
          "sensitive_attributes": [],
          "private": "bnVsbA=="
        }
      ]
    },
    {
      "mode": "managed",
      "type": "aws_iam_role",
      "name": "ecs_task_role",
      "provider": "provider[\"registry.terraform.io/hashicorp/aws\"]",
      "instances": [
        {
          "schema_version": 0,
          "attributes": {
            "arn": "arn:aws:iam::780718310965:role/ftbClientECSTaskRole",
            "assume_role_policy": "{\"Version\":\"2012-10-17\",\"Statement\":[{\"Effect\":\"Allow\",\"Principal\":{\"Service\":\"ecs-tasks.amazonaws.com\"},\"Action\":\"sts:AssumeRole\"}]}",
            "create_date": "2023-09-23T14:21:28Z",
            "description": "",
            "force_detach_policies": false,
            "id": "ftbClientECSTaskRole",
            "inline_policy": [
              {
                "name": "",
                "policy": ""
              }
            ],
            "managed_policy_arns": [],
            "max_session_duration": 3600,
            "name": "ftbClientECSTaskRole",
            "name_prefix": "",
            "path": "/",
            "permissions_boundary": null,
            "tags": null,
            "tags_all": {
              "repository": "fargate-terraform-blog-infra"
            },
            "unique_id": "AROA3LRTQAY27OJOXWCO5"
          },
          "sensitive_attributes": [],
          "private": "bnVsbA=="
        }
      ]
    },
    {
      "mode": "managed",
      "type": "aws_iam_role_policy_attachment",
      "name": "custom_policy_attachment_task_execution_role",
      "provider": "provider[\"registry.terraform.io/hashicorp/aws\"]",
      "instances": [
        {
          "schema_version": 0,
          "attributes": {
            "id": "ftbClientECSTaskExecutionRole-20230923142130780400000002",
            "policy_arn": "arn:aws:iam::780718310965:policy/ftbClientECSTaskExecutionRole-policy",
            "role": "ftbClientECSTaskExecutionRole"
          },
          "sensitive_attributes": [],
          "private": "bnVsbA==",
          "dependencies": [
            "aws_iam_policy.custom_policy_task_execution_role",
            "aws_iam_role.ecs_task_execution_role"
          ]
        }
      ]
    },
    {
      "mode": "managed",
      "type": "aws_iam_role_policy_attachment",
      "name": "custom_policy_attachment_task_role",
      "provider": "provider[\"registry.terraform.io/hashicorp/aws\"]",
      "instances": [
        {
          "schema_version": 0,
          "attributes": {
            "id": "ftbClientECSTaskRole-20230923142130776100000001",
            "policy_arn": "arn:aws:iam::780718310965:policy/ftbClientECSTaskRole-policy",
            "role": "ftbClientECSTaskRole"
          },
          "sensitive_attributes": [],
          "private": "bnVsbA==",
          "dependencies": [
            "aws_iam_policy.custom_policy_task_role",
            "aws_iam_role.ecs_task_role"
          ]
        }
      ]
    },
    {
      "mode": "managed",
      "type": "aws_lb",
      "name": "client_alb",
      "provider": "provider[\"registry.terraform.io/hashicorp/aws\"]",
      "instances": [
        {
          "schema_version": 0,
          "attributes": {
            "access_logs": [
              {
                "bucket": "",
                "enabled": false,
                "prefix": ""
              }
            ],
            "arn": "arn:aws:elasticloadbalancing:eu-west-1:780718310965:loadbalancer/app/ftb-alb-client/1f9e68e31280ee3e",
            "arn_suffix": "app/ftb-alb-client/1f9e68e31280ee3e",
            "customer_owned_ipv4_pool": "",
            "desync_mitigation_mode": "defensive",
            "dns_name": "ftb-alb-client-1869590461.eu-west-1.elb.amazonaws.com",
            "drop_invalid_header_fields": false,
            "enable_cross_zone_load_balancing": true,
            "enable_deletion_protection": false,
            "enable_http2": true,
            "enable_waf_fail_open": false,
            "id": "arn:aws:elasticloadbalancing:eu-west-1:780718310965:loadbalancer/app/ftb-alb-client/1f9e68e31280ee3e",
            "idle_timeout": 60,
            "internal": false,
            "ip_address_type": "ipv4",
            "load_balancer_type": "application",
            "name": "ftb-alb-client",
            "name_prefix": null,
            "security_groups": [
              "sg-07276a95406079447"
            ],
            "subnet_mapping": [
              {
                "allocation_id": "",
                "ipv6_address": "",
                "outpost_id": "",
                "private_ipv4_address": "",
                "subnet_id": "subnet-06707be00ed293248"
              },
              {
                "allocation_id": "",
                "ipv6_address": "",
                "outpost_id": "",
                "private_ipv4_address": "",
                "subnet_id": "subnet-0cc3c929499869a8c"
              }
            ],
            "subnets": [
              "subnet-06707be00ed293248",
              "subnet-0cc3c929499869a8c"
            ],
            "tags": {},
            "tags_all": {
              "repository": "fargate-terraform-blog-infra"
            },
            "timeouts": null,
            "vpc_id": "vpc-0f637f40c6e37f639",
            "zone_id": "Z32O12XQLNTSW2"
          },
          "sensitive_attributes": [],
          "private": "eyJlMmJmYjczMC1lY2FhLTExZTYtOGY4OC0zNDM2M2JjN2M0YzAiOnsiY3JlYXRlIjo2MDAwMDAwMDAwMDAsImRlbGV0ZSI6NjAwMDAwMDAwMDAwLCJ1cGRhdGUiOjYwMDAwMDAwMDAwMH19",
          "dependencies": [
            "aws_security_group.ftb_client_alb_sg"
          ]
        }
      ]
    },
    {
      "mode": "managed",
      "type": "aws_lb_listener",
      "name": "alb_client_listener_http",
      "provider": "provider[\"registry.terraform.io/hashicorp/aws\"]",
      "instances": [
        {
          "schema_version": 0,
          "attributes": {
            "alpn_policy": null,
            "arn": "arn:aws:elasticloadbalancing:eu-west-1:780718310965:listener/app/ftb-alb-client/1f9e68e31280ee3e/bead9aef4ac335ca",
            "certificate_arn": null,
            "default_action": [
              {
                "authenticate_cognito": [],
                "authenticate_oidc": [],
                "fixed_response": [],
                "forward": [],
                "order": 1,
                "redirect": [],
                "target_group_arn": "arn:aws:elasticloadbalancing:eu-west-1:780718310965:targetgroup/ftb-alb-client-tg/0155bdbf19eae4d7",
                "type": "forward"
              }
            ],
            "id": "arn:aws:elasticloadbalancing:eu-west-1:780718310965:listener/app/ftb-alb-client/1f9e68e31280ee3e/bead9aef4ac335ca",
            "load_balancer_arn": "arn:aws:elasticloadbalancing:eu-west-1:780718310965:loadbalancer/app/ftb-alb-client/1f9e68e31280ee3e",
            "port": 80,
            "protocol": "HTTP",
            "ssl_policy": "",
            "tags": {},
            "tags_all": {
              "repository": "fargate-terraform-blog-infra"
            },
            "timeouts": null
          },
          "sensitive_attributes": [],
          "private": "eyJlMmJmYjczMC1lY2FhLTExZTYtOGY4OC0zNDM2M2JjN2M0YzAiOnsicmVhZCI6NjAwMDAwMDAwMDAwfX0=",
          "dependencies": [
            "aws_lb.client_alb",
            "aws_lb_target_group.alb_client_target_group",
            "aws_security_group.ftb_client_alb_sg"
          ]
        }
      ]
    },
    {
      "mode": "managed",
      "type": "aws_lb_target_group",
      "name": "alb_client_target_group",
      "provider": "provider[\"registry.terraform.io/hashicorp/aws\"]",
      "instances": [
        {
          "schema_version": 0,
          "attributes": {
            "arn": "arn:aws:elasticloadbalancing:eu-west-1:780718310965:targetgroup/ftb-alb-client-tg/0155bdbf19eae4d7",
            "arn_suffix": "targetgroup/ftb-alb-client-tg/0155bdbf19eae4d7",
            "connection_termination": false,
            "deregistration_delay": "300",
            "health_check": [
              {
                "enabled": true,
                "healthy_threshold": 3,
                "interval": 30,
                "matcher": "200,307",
                "path": "/",
                "port": "80",
                "protocol": "HTTP",
                "timeout": 6,
                "unhealthy_threshold": 3
              }
            ],
            "id": "arn:aws:elasticloadbalancing:eu-west-1:780718310965:targetgroup/ftb-alb-client-tg/0155bdbf19eae4d7",
            "lambda_multi_value_headers_enabled": false,
            "load_balancing_algorithm_type": "round_robin",
            "name": "ftb-alb-client-tg",
            "name_prefix": null,
            "port": 80,
            "preserve_client_ip": null,
            "protocol": "HTTP",
            "protocol_version": "HTTP1",
            "proxy_protocol_v2": false,
            "slow_start": 0,
            "stickiness": [
              {
                "cookie_duration": 86400,
                "cookie_name": "",
                "enabled": false,
                "type": "lb_cookie"
              }
            ],
            "tags": {},
            "tags_all": {
              "repository": "fargate-terraform-blog-infra"
            },
            "target_type": "ip",
            "vpc_id": "vpc-0f637f40c6e37f639"
          },
          "sensitive_attributes": [],
          "private": "bnVsbA=="
        }
      ]
    },
    {
      "mode": "managed",
      "type": "aws_security_group",
      "name": "ecs_client_service_sg",
      "provider": "provider[\"registry.terraform.io/hashicorp/aws\"]",
      "instances": [
        {
          "schema_version": 1,
          "attributes": {
            "arn": "arn:aws:ec2:eu-west-1:780718310965:security-group/sg-08dc426338afadb3e",
            "description": "Allow incoming http traffic",
            "egress": [
              {
                "cidr_blocks": [
                  "0.0.0.0/0"
                ],
                "description": "",
                "from_port": 443,
                "ipv6_cidr_blocks": [
                  "::/0"
                ],
                "prefix_list_ids": [],
                "protocol": "tcp",
                "security_groups": [],
                "self": false,
                "to_port": 443
              },
              {
                "cidr_blocks": [
                  "0.0.0.0/0"
                ],
                "description": "",
                "from_port": 80,
                "ipv6_cidr_blocks": [
                  "::/0"
                ],
                "prefix_list_ids": [],
                "protocol": "tcp",
                "security_groups": [],
                "self": false,
                "to_port": 80
              }
            ],
            "id": "sg-08dc426338afadb3e",
            "ingress": [
              {
                "cidr_blocks": [
                  "0.0.0.0/0"
                ],
                "description": "",
                "from_port": 443,
                "ipv6_cidr_blocks": [
                  "::/0"
                ],
                "prefix_list_ids": [],
                "protocol": "tcp",
                "security_groups": [],
                "self": false,
                "to_port": 443
              },
              {
                "cidr_blocks": [
                  "0.0.0.0/0"
                ],
                "description": "",
                "from_port": 80,
                "ipv6_cidr_blocks": [
                  "::/0"
                ],
                "prefix_list_ids": [],
                "protocol": "tcp",
                "security_groups": [],
                "self": false,
                "to_port": 80
              }
            ],
            "name": "fargate-terraform-blog-ECS-Service-sg",
            "name_prefix": "",
            "owner_id": "780718310965",
            "revoke_rules_on_delete": false,
            "tags": null,
            "tags_all": {
              "repository": "fargate-terraform-blog-infra"
            },
            "timeouts": null,
            "vpc_id": "vpc-0f637f40c6e37f639"
          },
          "sensitive_attributes": [],
          "private": "eyJlMmJmYjczMC1lY2FhLTExZTYtOGY4OC0zNDM2M2JjN2M0YzAiOnsiY3JlYXRlIjo2MDAwMDAwMDAwMDAsImRlbGV0ZSI6OTAwMDAwMDAwMDAwfSwic2NoZW1hX3ZlcnNpb24iOiIxIn0="
        }
      ]
    },
    {
      "mode": "managed",
      "type": "aws_security_group",
      "name": "ecs_vpce_service_sg",
      "provider": "provider[\"registry.terraform.io/hashicorp/aws\"]",
      "instances": [
        {
          "schema_version": 1,
          "attributes": {
            "arn": "arn:aws:ec2:eu-west-1:780718310965:security-group/sg-0abfa19706d8dd8d9",
            "description": "Allow incoming http/HTTPS traffic",
            "egress": [
              {
                "cidr_blocks": [
                  "0.0.0.0/0"
                ],
                "description": "",
                "from_port": 443,
                "ipv6_cidr_blocks": [
                  "::/0"
                ],
                "prefix_list_ids": [],
                "protocol": "tcp",
                "security_groups": [],
                "self": false,
                "to_port": 443
              },
              {
                "cidr_blocks": [
                  "0.0.0.0/0"
                ],
                "description": "",
                "from_port": 80,
                "ipv6_cidr_blocks": [
                  "::/0"
                ],
                "prefix_list_ids": [],
                "protocol": "tcp",
                "security_groups": [],
                "self": false,
                "to_port": 80
              }
            ],
            "id": "sg-0abfa19706d8dd8d9",
            "ingress": [
              {
                "cidr_blocks": [
                  "0.0.0.0/0"
                ],
                "description": "",
                "from_port": 443,
                "ipv6_cidr_blocks": [
                  "::/0"
                ],
                "prefix_list_ids": [],
                "protocol": "tcp",
                "security_groups": [],
                "self": false,
                "to_port": 443
              },
              {
                "cidr_blocks": [
                  "0.0.0.0/0"
                ],
                "description": "",
                "from_port": 80,
                "ipv6_cidr_blocks": [
                  "::/0"
                ],
                "prefix_list_ids": [],
                "protocol": "tcp",
                "security_groups": [],
                "self": false,
                "to_port": 80
              }
            ],
            "name": "ftb-ecs-vpce-sg",
            "name_prefix": "",
            "owner_id": "780718310965",
            "revoke_rules_on_delete": false,
            "tags": null,
            "tags_all": {
              "repository": "fargate-terraform-blog-infra"
            },
            "timeouts": null,
            "vpc_id": "vpc-0f637f40c6e37f639"
          },
          "sensitive_attributes": [],
          "private": "eyJlMmJmYjczMC1lY2FhLTExZTYtOGY4OC0zNDM2M2JjN2M0YzAiOnsiY3JlYXRlIjo2MDAwMDAwMDAwMDAsImRlbGV0ZSI6OTAwMDAwMDAwMDAwfSwic2NoZW1hX3ZlcnNpb24iOiIxIn0="
        }
      ]
    },
    {
      "mode": "managed",
      "type": "aws_security_group",
      "name": "ftb_client_alb_sg",
      "provider": "provider[\"registry.terraform.io/hashicorp/aws\"]",
      "instances": [
        {
          "schema_version": 1,
          "attributes": {
            "arn": "arn:aws:ec2:eu-west-1:780718310965:security-group/sg-07276a95406079447",
            "description": "Allow incoming http traffic",
            "egress": [
              {
                "cidr_blocks": [
                  "0.0.0.0/0"
                ],
                "description": "",
                "from_port": 80,
                "ipv6_cidr_blocks": [
                  "::/0"
                ],
                "prefix_list_ids": [],
                "protocol": "tcp",
                "security_groups": [],
                "self": false,
                "to_port": 80
              }
            ],
            "id": "sg-07276a95406079447",
            "ingress": [
              {
                "cidr_blocks": [
                  "0.0.0.0/0"
                ],
                "description": "",
                "from_port": 80,
                "ipv6_cidr_blocks": [
                  "::/0"
                ],
                "prefix_list_ids": [],
                "protocol": "tcp",
                "security_groups": [],
                "self": false,
                "to_port": 80
              }
            ],
            "name": "ftb-alb-client-sg",
            "name_prefix": "",
            "owner_id": "780718310965",
            "revoke_rules_on_delete": false,
            "tags": {},
            "tags_all": {
              "repository": "fargate-terraform-blog-infra"
            },
            "timeouts": null,
            "vpc_id": "vpc-0f637f40c6e37f639"
          },
          "sensitive_attributes": [],
          "private": "eyJlMmJmYjczMC1lY2FhLTExZTYtOGY4OC0zNDM2M2JjN2M0YzAiOnsiY3JlYXRlIjo2MDAwMDAwMDAwMDAsImRlbGV0ZSI6OTAwMDAwMDAwMDAwfSwic2NoZW1hX3ZlcnNpb24iOiIxIn0="
        }
      ]
    },
    {
      "mode": "managed",
      "type": "aws_vpc_endpoint",
      "name": "ecr_api_vpce",
      "provider": "provider[\"registry.terraform.io/hashicorp/aws\"]",
      "instances": [
        {
          "schema_version": 0,
          "attributes": {
            "arn": "arn:aws:ec2:eu-west-1:780718310965:vpc-endpoint/vpce-081bce4444db59afa",
            "auto_accept": null,
            "cidr_blocks": [],
            "dns_entry": [
              {
                "dns_name": "vpce-081bce4444db59afa-or9vszcq.api.ecr.eu-west-1.vpce.amazonaws.com",
                "hosted_zone_id": "Z38GZ743OKFT7T"
              },
              {
                "dns_name": "vpce-081bce4444db59afa-or9vszcq-eu-west-1c.api.ecr.eu-west-1.vpce.amazonaws.com",
                "hosted_zone_id": "Z38GZ743OKFT7T"
              },
              {
                "dns_name": "vpce-081bce4444db59afa-or9vszcq-eu-west-1a.api.ecr.eu-west-1.vpce.amazonaws.com",
                "hosted_zone_id": "Z38GZ743OKFT7T"
              },
              {
                "dns_name": "api.ecr.eu-west-1.amazonaws.com",
                "hosted_zone_id": "Z09281013RMSZKPQIJVG2"
              }
            ],
            "id": "vpce-081bce4444db59afa",
            "network_interface_ids": [
              "eni-07bfad08bb37c5365",
              "eni-0b6b70f2e8ddffe3e"
            ],
            "owner_id": "780718310965",
            "policy": "{\"Statement\":[{\"Action\":\"*\",\"Effect\":\"Allow\",\"Principal\":\"*\",\"Resource\":\"*\"}]}",
            "prefix_list_id": null,
            "private_dns_enabled": true,
            "requester_managed": false,
            "route_table_ids": [],
            "security_group_ids": [
              "sg-0abfa19706d8dd8d9"
            ],
            "service_name": "com.amazonaws.eu-west-1.ecr.api",
            "state": "available",
            "subnet_ids": [
              "subnet-06707be00ed293248",
              "subnet-0cc3c929499869a8c"
            ],
            "tags": {
              "Name": "ftb-ecs-api-vpce"
            },
            "tags_all": {
              "Name": "ftb-ecs-api-vpce",
              "repository": "fargate-terraform-blog-infra"
            },
            "timeouts": null,
            "vpc_endpoint_type": "Interface",
            "vpc_id": "vpc-0f637f40c6e37f639"
          },
          "sensitive_attributes": [],
          "private": "eyJlMmJmYjczMC1lY2FhLTExZTYtOGY4OC0zNDM2M2JjN2M0YzAiOnsiY3JlYXRlIjo2MDAwMDAwMDAwMDAsImRlbGV0ZSI6NjAwMDAwMDAwMDAwLCJ1cGRhdGUiOjYwMDAwMDAwMDAwMH19",
          "dependencies": [
            "aws_security_group.ecs_vpce_service_sg"
          ]
        }
      ]
    },
    {
      "mode": "managed",
      "type": "aws_vpc_endpoint",
      "name": "ecr_dkr_vpce",
      "provider": "provider[\"registry.terraform.io/hashicorp/aws\"]",
      "instances": [
        {
          "schema_version": 0,
          "attributes": {
            "arn": "arn:aws:ec2:eu-west-1:780718310965:vpc-endpoint/vpce-06a99fb6970fa1dde",
            "auto_accept": null,
            "cidr_blocks": [],
            "dns_entry": [
              {
                "dns_name": "vpce-06a99fb6970fa1dde-hytk5myy.dkr.ecr.eu-west-1.vpce.amazonaws.com",
                "hosted_zone_id": "Z38GZ743OKFT7T"
              },
              {
                "dns_name": "vpce-06a99fb6970fa1dde-hytk5myy-eu-west-1a.dkr.ecr.eu-west-1.vpce.amazonaws.com",
                "hosted_zone_id": "Z38GZ743OKFT7T"
              },
              {
                "dns_name": "vpce-06a99fb6970fa1dde-hytk5myy-eu-west-1c.dkr.ecr.eu-west-1.vpce.amazonaws.com",
                "hosted_zone_id": "Z38GZ743OKFT7T"
              },
              {
                "dns_name": "dkr.ecr.eu-west-1.amazonaws.com",
                "hosted_zone_id": "Z09281201U353BEKFY1V7"
              },
              {
                "dns_name": "*.dkr.ecr.eu-west-1.amazonaws.com",
                "hosted_zone_id": "Z09281201U353BEKFY1V7"
              }
            ],
            "id": "vpce-06a99fb6970fa1dde",
            "network_interface_ids": [
              "eni-06c601bfcbcdfb9ac",
              "eni-09d59db764225bfae"
            ],
            "owner_id": "780718310965",
            "policy": "{\"Statement\":[{\"Action\":\"*\",\"Effect\":\"Allow\",\"Principal\":\"*\",\"Resource\":\"*\"}]}",
            "prefix_list_id": null,
            "private_dns_enabled": true,
            "requester_managed": false,
            "route_table_ids": [],
            "security_group_ids": [
              "sg-0abfa19706d8dd8d9"
            ],
            "service_name": "com.amazonaws.eu-west-1.ecr.dkr",
            "state": "available",
            "subnet_ids": [
              "subnet-06707be00ed293248",
              "subnet-0cc3c929499869a8c"
            ],
            "tags": {
              "Name": "ftb-ecs-dkr-vpce"
            },
            "tags_all": {
              "Name": "ftb-ecs-dkr-vpce",
              "repository": "fargate-terraform-blog-infra"
            },
            "timeouts": null,
            "vpc_endpoint_type": "Interface",
            "vpc_id": "vpc-0f637f40c6e37f639"
          },
          "sensitive_attributes": [],
          "private": "eyJlMmJmYjczMC1lY2FhLTExZTYtOGY4OC0zNDM2M2JjN2M0YzAiOnsiY3JlYXRlIjo2MDAwMDAwMDAwMDAsImRlbGV0ZSI6NjAwMDAwMDAwMDAwLCJ1cGRhdGUiOjYwMDAwMDAwMDAwMH19",
          "dependencies": [
            "aws_security_group.ecs_vpce_service_sg"
          ]
        }
      ]
    }
  ],
  "check_results": null
}
